
Microsoft Visual Studio Solution File, Format Version 12.00
# Visual Studio Version 17
VisualStudioVersion = 17.7.34221.43
MinimumVisualStudioVersion = 10.0.40219.1
Project("{FAE04EC0-301F-11D3-BF4B-00C04F79EFBC}") = "Social Media", "Social Media.csproj", "{3BFAEDC4-6207-427B-94FD-0A349EFE9BB0}"
EndProject
Global
	GlobalSection(SolutionConfigurationPlatforms) = preSolution
		Debug|Any CPU = Debug|Any CPU
		Release|Any CPU = Release|Any CPU
	EndGlobalSection
	GlobalSection(ProjectConfigurationPlatforms) = postSolution
		{3BFAEDC4-6207-427B-94FD-0A349EFE9BB0}.Debug|Any CPU.ActiveCfg = Debug|Any CPU
		{3BFAEDC4-6207-427B-94FD-0A349EFE9BB0}.Debug|Any CPU.Build.0 = Debug|Any CPU
		{3BFAEDC4-6207-427B-94FD-0A349EFE9BB0}.Release|Any CPU.ActiveCfg = Release|Any CPU
		{3BFAEDC4-6207-427B-94FD-0A349EFE9BB0}.Release|Any CPU.Build.0 = Release|Any CPU
	EndGlobalSection
	GlobalSection(SolutionProperties) = preSolution
		HideSolutionNode = FALSE
	EndGlobalSection
	GlobalSection(ExtensibilityGlobals) = postSolution
		SolutionGuid = {1E9482CE-A7E1-4B8E-A31F-30C02BC5E527}
	EndGlobalSection
EndGlobal
